<?xml version="1.0" encoding="UTF-8"?>
<Project ToolsVersion="15.0" xmlns="http://schemas.microsoft.com/developer/msbuild/2003">
  <ItemGroup>
    <CustomBuild Include="C:\doc\Visual Studio 2017\Projects\OpenPlatfom\OpenPlatformPublic\CMakeFiles\be487694aeb4a94d88c6ed7bdace1632\generate.stamp.rule">
      <Filter>CMake Rules</Filter>
    </CustomBuild>
  </ItemGroup>
  <ItemGroup>
    <Filter Include="CMake Rules">
      <UniqueIdentifier>{B3BD093C-7985-3A64-A338-C0F800DB1D97}</UniqueIdentifier>
    </Filter>
  </ItemGroup>
</Project>
